{
  "version": 4,
  "terraform_version": "1.12.1",
  "serial": 13,
  "lineage": "d7f86756-e8d6-6c3e-3007-c162864024d9",
  "outputs": {},
  "resources": [
    {
      "mode": "managed",
      "type": "azurerm_linux_virtual_machine",
      "name": "vm1",
      "provider": "provider[\"registry.terraform.io/hashicorp/azurerm\"]",
      "instances": [
        {
          "schema_version": 0,
          "attributes": {
            "additional_capabilities": [],
            "admin_password": null,
            "admin_ssh_key": [
              {
                "public_key": "ssh-rsa AAAAB3NzaC1yc2EAAAADAQABAAABgQDWmgFrdCgo0Y6SFFn8Yvy6mrVQAKD+HMK5QsRJL2BrpqE1bFd5xh5o54uQbCWyEKrJNKqmQxhBBmjhYHn1SoD7qEU8NgsUqac/Jwf7ugCSrrhs+pu9AGq/ieaXyFzwvgRuFBGQimj2Tj6e3fslPRVv0P0IMCnq8ROud6WyY8FdgYixoJNObgrGLyLOSQHnQGO+pS8mgR4ipsvT6ac2bnTSfEMR0/Gj//RlAcdi99rJQqxt/RYEXKS1oypswETbRf766DCJvtiUjOlcZTpa/HZxUL06c8CsJ1Ds5CvDy+TB8WWTDSf1LCQ2vODESDw83l5C4R+1EO1fJEdPM3qoAYbOwBGFjCpuyTyL/NlAA+kOx6/IDooe3Rnkt+vGUk86g8CtpSuRkrjjFt1c6ACVX2bVz0nYH4qR4XsQsxufQVqjORFNw1lmHoHnly7y/3l3C4pW6CpRNQfNkw+PmgZ5GjOnr6aE5kQ85Okz5l7M2ttvMcv1uXSn4DU2CBmu2IgadxM= root@Wudnerwaffe\n",
                "username": "warboss"
              }
            ],
            "admin_username": "warboss",
            "allow_extension_operations": true,
            "availability_set_id": "",
            "boot_diagnostics": [],
            "bypass_platform_safety_checks_on_user_schedule_enabled": false,
            "capacity_reservation_group_id": "",
            "computer_name": "Frontend",
            "custom_data": null,
            "dedicated_host_group_id": "",
            "dedicated_host_id": "",
            "disable_password_authentication": true,
            "disk_controller_type": "",
            "edge_zone": "",
            "encryption_at_host_enabled": false,
            "eviction_policy": "",
            "extensions_time_budget": "PT1H30M",
            "gallery_application": [],
            "id": "/subscriptions/be857933-7379-4e87-a9fe-02669a1f52c2/resourceGroups/Eficode_Recru_Task/providers/Microsoft.Compute/virtualMachines/Frontend",
            "identity": [],
            "license_type": "",
            "location": "polandcentral",
            "max_bid_price": -1,
            "name": "Frontend",
            "network_interface_ids": [
              "/subscriptions/be857933-7379-4e87-a9fe-02669a1f52c2/resourceGroups/Eficode_Recru_Task/providers/Microsoft.Network/networkInterfaces/vm1-nic"
            ],
            "os_disk": [
              {
                "caching": "ReadWrite",
                "diff_disk_settings": [],
                "disk_encryption_set_id": "",
                "disk_size_gb": 30,
                "id": "/subscriptions/be857933-7379-4e87-a9fe-02669a1f52c2/resourceGroups/Eficode_Recru_Task/providers/Microsoft.Compute/disks/Frontend_OsDisk_1_6c5875a9da6448c38cd0d37a85538b06",
                "name": "Frontend_OsDisk_1_6c5875a9da6448c38cd0d37a85538b06",
                "secure_vm_disk_encryption_set_id": "",
                "security_encryption_type": "",
                "storage_account_type": "Standard_LRS",
                "write_accelerator_enabled": false
              }
            ],
            "os_image_notification": [],
            "patch_assessment_mode": "ImageDefault",
            "patch_mode": "ImageDefault",
            "plan": [],
            "platform_fault_domain": -1,
            "priority": "Regular",
            "private_ip_address": "10.0.1.4",
            "private_ip_addresses": [
              "10.0.1.4"
            ],
            "provision_vm_agent": true,
            "proximity_placement_group_id": "",
            "public_ip_address": "",
            "public_ip_addresses": [],
            "reboot_setting": "",
            "resource_group_name": "Eficode_Recru_Task",
            "secret": [],
            "secure_boot_enabled": false,
            "size": "Standard_B2ats_v2",
            "source_image_id": "",
            "source_image_reference": [
              {
                "offer": "0001-com-ubuntu-server-jammy",
                "publisher": "Canonical",
                "sku": "22_04-lts",
                "version": "latest"
              }
            ],
            "tags": {},
            "termination_notification": [],
            "timeouts": null,
            "user_data": "",
            "virtual_machine_id": "9f82bec8-eb51-42f2-b575-4e1eea7f3fb8",
            "virtual_machine_scale_set_id": "",
            "vm_agent_platform_updates_enabled": false,
            "vtpm_enabled": false,
            "zone": ""
          },
          "sensitive_attributes": [
            [
              {
                "type": "get_attr",
                "value": "admin_password"
              }
            ],
            [
              {
                "type": "get_attr",
                "value": "custom_data"
              }
            ]
          ],
          "identity_schema_version": 0,
          "private": "eyJlMmJmYjczMC1lY2FhLTExZTYtOGY4OC0zNDM2M2JjN2M0YzAiOnsiY3JlYXRlIjoyNzAwMDAwMDAwMDAwLCJkZWxldGUiOjI3MDAwMDAwMDAwMDAsInJlYWQiOjMwMDAwMDAwMDAwMCwidXBkYXRlIjoyNzAwMDAwMDAwMDAwfX0=",
          "dependencies": [
            "azurerm_network_interface.vm1_nic",
            "azurerm_public_ip.vm1_public_ip",
            "azurerm_resource_group.rg",
            "azurerm_subnet.subnet",
            "azurerm_virtual_network.vnet"
          ]
        }
      ]
    },
    {
      "mode": "managed",
      "type": "azurerm_linux_virtual_machine",
      "name": "vm2",
      "provider": "provider[\"registry.terraform.io/hashicorp/azurerm\"]",
      "instances": [
        {
          "schema_version": 0,
          "attributes": {
            "additional_capabilities": [],
            "admin_password": null,
            "admin_ssh_key": [
              {
                "public_key": "ssh-rsa AAAAB3NzaC1yc2EAAAADAQABAAABgQDWmgFrdCgo0Y6SFFn8Yvy6mrVQAKD+HMK5QsRJL2BrpqE1bFd5xh5o54uQbCWyEKrJNKqmQxhBBmjhYHn1SoD7qEU8NgsUqac/Jwf7ugCSrrhs+pu9AGq/ieaXyFzwvgRuFBGQimj2Tj6e3fslPRVv0P0IMCnq8ROud6WyY8FdgYixoJNObgrGLyLOSQHnQGO+pS8mgR4ipsvT6ac2bnTSfEMR0/Gj//RlAcdi99rJQqxt/RYEXKS1oypswETbRf766DCJvtiUjOlcZTpa/HZxUL06c8CsJ1Ds5CvDy+TB8WWTDSf1LCQ2vODESDw83l5C4R+1EO1fJEdPM3qoAYbOwBGFjCpuyTyL/NlAA+kOx6/IDooe3Rnkt+vGUk86g8CtpSuRkrjjFt1c6ACVX2bVz0nYH4qR4XsQsxufQVqjORFNw1lmHoHnly7y/3l3C4pW6CpRNQfNkw+PmgZ5GjOnr6aE5kQ85Okz5l7M2ttvMcv1uXSn4DU2CBmu2IgadxM= root@Wudnerwaffe\n",
                "username": "warboss"
              }
            ],
            "admin_username": "warboss",
            "allow_extension_operations": true,
            "availability_set_id": "",
            "boot_diagnostics": [],
            "bypass_platform_safety_checks_on_user_schedule_enabled": false,
            "capacity_reservation_group_id": "",
            "computer_name": "Backend",
            "custom_data": null,
            "dedicated_host_group_id": "",
            "dedicated_host_id": "",
            "disable_password_authentication": true,
            "disk_controller_type": "",
            "edge_zone": "",
            "encryption_at_host_enabled": false,
            "eviction_policy": "",
            "extensions_time_budget": "PT1H30M",
            "gallery_application": [],
            "id": "/subscriptions/be857933-7379-4e87-a9fe-02669a1f52c2/resourceGroups/Eficode_Recru_Task/providers/Microsoft.Compute/virtualMachines/Backend",
            "identity": [],
            "license_type": "",
            "location": "polandcentral",
            "max_bid_price": -1,
            "name": "Backend",
            "network_interface_ids": [
              "/subscriptions/be857933-7379-4e87-a9fe-02669a1f52c2/resourceGroups/Eficode_Recru_Task/providers/Microsoft.Network/networkInterfaces/vm2-nic"
            ],
            "os_disk": [
              {
                "caching": "ReadWrite",
                "diff_disk_settings": [],
                "disk_encryption_set_id": "",
                "disk_size_gb": 30,
                "id": "/subscriptions/be857933-7379-4e87-a9fe-02669a1f52c2/resourceGroups/Eficode_Recru_Task/providers/Microsoft.Compute/disks/Backend_OsDisk_1_1167d8c0be15481a9700204f736d46c5",
                "name": "Backend_OsDisk_1_1167d8c0be15481a9700204f736d46c5",
                "secure_vm_disk_encryption_set_id": "",
                "security_encryption_type": "",
                "storage_account_type": "Standard_LRS",
                "write_accelerator_enabled": false
              }
            ],
            "os_image_notification": [],
            "patch_assessment_mode": "ImageDefault",
            "patch_mode": "ImageDefault",
            "plan": [],
            "platform_fault_domain": -1,
            "priority": "Regular",
            "private_ip_address": "10.0.1.5",
            "private_ip_addresses": [
              "10.0.1.5"
            ],
            "provision_vm_agent": true,
            "proximity_placement_group_id": "",
            "public_ip_address": "",
            "public_ip_addresses": [],
            "reboot_setting": "",
            "resource_group_name": "Eficode_Recru_Task",
            "secret": [],
            "secure_boot_enabled": false,
            "size": "Standard_B2ats_v2",
            "source_image_id": "",
            "source_image_reference": [
              {
                "offer": "0001-com-ubuntu-server-jammy",
                "publisher": "Canonical",
                "sku": "22_04-lts",
                "version": "latest"
              }
            ],
            "tags": {},
            "termination_notification": [],
            "timeouts": null,
            "user_data": "",
            "virtual_machine_id": "dd21b6dc-a60e-4342-b4a5-6c9150e89aa7",
            "virtual_machine_scale_set_id": "",
            "vm_agent_platform_updates_enabled": false,
            "vtpm_enabled": false,
            "zone": ""
          },
          "sensitive_attributes": [
            [
              {
                "type": "get_attr",
                "value": "admin_password"
              }
            ],
            [
              {
                "type": "get_attr",
                "value": "custom_data"
              }
            ]
          ],
          "identity_schema_version": 0,
          "private": "eyJlMmJmYjczMC1lY2FhLTExZTYtOGY4OC0zNDM2M2JjN2M0YzAiOnsiY3JlYXRlIjoyNzAwMDAwMDAwMDAwLCJkZWxldGUiOjI3MDAwMDAwMDAwMDAsInJlYWQiOjMwMDAwMDAwMDAwMCwidXBkYXRlIjoyNzAwMDAwMDAwMDAwfX0=",
          "dependencies": [
            "azurerm_network_interface.vm2_nic",
            "azurerm_resource_group.rg",
            "azurerm_subnet.subnet",
            "azurerm_virtual_network.vnet"
          ]
        }
      ]
    },
    {
      "mode": "managed",
      "type": "azurerm_network_interface",
      "name": "vm1_nic",
      "provider": "provider[\"registry.terraform.io/hashicorp/azurerm\"]",
      "instances": [
        {
          "schema_version": 0,
          "attributes": {
            "accelerated_networking_enabled": false,
            "applied_dns_servers": [],
            "auxiliary_mode": "",
            "auxiliary_sku": "",
            "dns_servers": [],
            "edge_zone": "",
            "id": "/subscriptions/be857933-7379-4e87-a9fe-02669a1f52c2/resourceGroups/Eficode_Recru_Task/providers/Microsoft.Network/networkInterfaces/vm1-nic",
            "internal_dns_name_label": "",
            "internal_domain_name_suffix": "",
            "ip_configuration": [
              {
                "gateway_load_balancer_frontend_ip_configuration_id": "",
                "name": "internal",
                "primary": true,
                "private_ip_address": "10.0.1.4",
                "private_ip_address_allocation": "Dynamic",
                "private_ip_address_version": "IPv4",
                "public_ip_address_id": "/subscriptions/be857933-7379-4e87-a9fe-02669a1f52c2/resourceGroups/Eficode_Recru_Task/providers/Microsoft.Network/publicIPAddresses/vm1-public-ip",
                "subnet_id": "/subscriptions/be857933-7379-4e87-a9fe-02669a1f52c2/resourceGroups/Eficode_Recru_Task/providers/Microsoft.Network/virtualNetworks/vm-network/subnets/vm-subnet"
              }
            ],
            "ip_forwarding_enabled": false,
            "location": "polandcentral",
            "mac_address": "7C-1E-52-6B-99-DB",
            "name": "vm1-nic",
            "private_ip_address": "10.0.1.4",
            "private_ip_addresses": [
              "10.0.1.4"
            ],
            "resource_group_name": "Eficode_Recru_Task",
            "tags": {},
            "timeouts": null,
            "virtual_machine_id": "/subscriptions/be857933-7379-4e87-a9fe-02669a1f52c2/resourceGroups/Eficode_Recru_Task/providers/Microsoft.Compute/virtualMachines/Frontend"
          },
          "sensitive_attributes": [],
          "identity_schema_version": 0,
          "private": "eyJlMmJmYjczMC1lY2FhLTExZTYtOGY4OC0zNDM2M2JjN2M0YzAiOnsiY3JlYXRlIjoxODAwMDAwMDAwMDAwLCJkZWxldGUiOjE4MDAwMDAwMDAwMDAsInJlYWQiOjMwMDAwMDAwMDAwMCwidXBkYXRlIjoxODAwMDAwMDAwMDAwfX0=",
          "dependencies": [
            "azurerm_public_ip.vm1_public_ip",
            "azurerm_resource_group.rg",
            "azurerm_subnet.subnet",
            "azurerm_virtual_network.vnet"
          ]
        }
      ]
    },
    {
      "mode": "managed",
      "type": "azurerm_network_interface",
      "name": "vm2_nic",
      "provider": "provider[\"registry.terraform.io/hashicorp/azurerm\"]",
      "instances": [
        {
          "schema_version": 0,
          "attributes": {
            "accelerated_networking_enabled": false,
            "applied_dns_servers": [],
            "auxiliary_mode": "",
            "auxiliary_sku": "",
            "dns_servers": [],
            "edge_zone": "",
            "id": "/subscriptions/be857933-7379-4e87-a9fe-02669a1f52c2/resourceGroups/Eficode_Recru_Task/providers/Microsoft.Network/networkInterfaces/vm2-nic",
            "internal_dns_name_label": "",
            "internal_domain_name_suffix": "",
            "ip_configuration": [
              {
                "gateway_load_balancer_frontend_ip_configuration_id": "",
                "name": "internal",
                "primary": true,
                "private_ip_address": "10.0.1.5",
                "private_ip_address_allocation": "Dynamic",
                "private_ip_address_version": "IPv4",
                "public_ip_address_id": "",
                "subnet_id": "/subscriptions/be857933-7379-4e87-a9fe-02669a1f52c2/resourceGroups/Eficode_Recru_Task/providers/Microsoft.Network/virtualNetworks/vm-network/subnets/vm-subnet"
              }
            ],
            "ip_forwarding_enabled": false,
            "location": "polandcentral",
            "mac_address": "7C-1E-52-6B-91-F9",
            "name": "vm2-nic",
            "private_ip_address": "10.0.1.5",
            "private_ip_addresses": [
              "10.0.1.5"
            ],
            "resource_group_name": "Eficode_Recru_Task",
            "tags": {},
            "timeouts": null,
            "virtual_machine_id": "/subscriptions/be857933-7379-4e87-a9fe-02669a1f52c2/resourceGroups/Eficode_Recru_Task/providers/Microsoft.Compute/virtualMachines/Backend"
          },
          "sensitive_attributes": [],
          "identity_schema_version": 0,
          "private": "eyJlMmJmYjczMC1lY2FhLTExZTYtOGY4OC0zNDM2M2JjN2M0YzAiOnsiY3JlYXRlIjoxODAwMDAwMDAwMDAwLCJkZWxldGUiOjE4MDAwMDAwMDAwMDAsInJlYWQiOjMwMDAwMDAwMDAwMCwidXBkYXRlIjoxODAwMDAwMDAwMDAwfX0=",
          "dependencies": [
            "azurerm_resource_group.rg",
            "azurerm_subnet.subnet",
            "azurerm_virtual_network.vnet"
          ]
        }
      ]
    },
    {
      "mode": "managed",
      "type": "azurerm_network_security_group",
      "name": "nsg",
      "provider": "provider[\"registry.terraform.io/hashicorp/azurerm\"]",
      "instances": [
        {
          "schema_version": 0,
          "attributes": {
            "id": "/subscriptions/be857933-7379-4e87-a9fe-02669a1f52c2/resourceGroups/Eficode_Recru_Task/providers/Microsoft.Network/networkSecurityGroups/vm-nsg",
            "location": "polandcentral",
            "name": "vm-nsg",
            "resource_group_name": "Eficode_Recru_Task",
            "security_rule": [
              {
                "access": "Allow",
                "description": null,
                "destination_address_prefix": "*",
                "destination_address_prefixes": [],
                "destination_application_security_group_ids": [],
                "destination_port_range": "443",
                "destination_port_ranges": [],
                "direction": "Inbound",
                "name": "AllowHTTPS",
                "priority": 101,
                "protocol": "Tcp",
                "source_address_prefix": "*",
                "source_address_prefixes": [],
                "source_application_security_group_ids": [],
                "source_port_range": "*",
                "source_port_ranges": []
              },
              {
                "access": "Allow",
                "description": null,
                "destination_address_prefix": "*",
                "destination_address_prefixes": [],
                "destination_application_security_group_ids": [],
                "destination_port_range": "80",
                "destination_port_ranges": [],
                "direction": "Inbound",
                "name": "AllowHTTP",
                "priority": 100,
                "protocol": "Tcp",
                "source_address_prefix": "*",
                "source_address_prefixes": [],
                "source_application_security_group_ids": [],
                "source_port_range": "*",
                "source_port_ranges": []
              },
              {
                "access": "Allow",
                "description": null,
                "destination_address_prefix": "VirtualNetwork",
                "destination_address_prefixes": [],
                "destination_application_security_group_ids": [],
                "destination_port_range": "*",
                "destination_port_ranges": [],
                "direction": "Inbound",
                "name": "AllowVNetInBound",
                "priority": 120,
                "protocol": "*",
                "source_address_prefix": "VirtualNetwork",
                "source_address_prefixes": [],
                "source_application_security_group_ids": [],
                "source_port_range": "*",
                "source_port_ranges": []
              },
              {
                "access": "Deny",
                "description": null,
                "destination_address_prefix": "*",
                "destination_address_prefixes": [],
                "destination_application_security_group_ids": [],
                "destination_port_range": "*",
                "destination_port_ranges": [],
                "direction": "Inbound",
                "name": "DenyAllInound",
                "priority": 200,
                "protocol": "*",
                "source_address_prefix": "*",
                "source_address_prefixes": [],
                "source_application_security_group_ids": [],
                "source_port_range": "*",
                "source_port_ranges": []
              }
            ],
            "tags": {},
            "timeouts": null
          },
          "sensitive_attributes": [],
          "identity_schema_version": 0,
          "private": "eyJlMmJmYjczMC1lY2FhLTExZTYtOGY4OC0zNDM2M2JjN2M0YzAiOnsiY3JlYXRlIjoxODAwMDAwMDAwMDAwLCJkZWxldGUiOjE4MDAwMDAwMDAwMDAsInJlYWQiOjMwMDAwMDAwMDAwMCwidXBkYXRlIjoxODAwMDAwMDAwMDAwfX0=",
          "dependencies": [
            "azurerm_resource_group.rg"
          ]
        }
      ]
    },
    {
      "mode": "managed",
      "type": "azurerm_public_ip",
      "name": "vm1_public_ip",
      "provider": "provider[\"registry.terraform.io/hashicorp/azurerm\"]",
      "instances": [
        {
          "schema_version": 0,
          "attributes": {
            "allocation_method": "Dynamic",
            "ddos_protection_mode": "VirtualNetworkInherited",
            "ddos_protection_plan_id": null,
            "domain_name_label": null,
            "domain_name_label_scope": null,
            "edge_zone": "",
            "fqdn": null,
            "id": "/subscriptions/be857933-7379-4e87-a9fe-02669a1f52c2/resourceGroups/Eficode_Recru_Task/providers/Microsoft.Network/publicIPAddresses/vm1-public-ip",
            "idle_timeout_in_minutes": 4,
            "ip_address": "",
            "ip_tags": {},
            "ip_version": "IPv4",
            "location": "polandcentral",
            "name": "vm1-public-ip",
            "public_ip_prefix_id": null,
            "resource_group_name": "Eficode_Recru_Task",
            "reverse_fqdn": null,
            "sku": "Basic",
            "sku_tier": "Regional",
            "tags": {},
            "timeouts": null,
            "zones": []
          },
          "sensitive_attributes": [],
          "identity_schema_version": 0,
          "private": "eyJlMmJmYjczMC1lY2FhLTExZTYtOGY4OC0zNDM2M2JjN2M0YzAiOnsiY3JlYXRlIjoxODAwMDAwMDAwMDAwLCJkZWxldGUiOjE4MDAwMDAwMDAwMDAsInJlYWQiOjMwMDAwMDAwMDAwMCwidXBkYXRlIjoxODAwMDAwMDAwMDAwfX0=",
          "dependencies": [
            "azurerm_resource_group.rg"
          ]
        }
      ]
    },
    {
      "mode": "managed",
      "type": "azurerm_resource_group",
      "name": "rg",
      "provider": "provider[\"registry.terraform.io/hashicorp/azurerm\"]",
      "instances": [
        {
          "schema_version": 0,
          "attributes": {
            "id": "/subscriptions/be857933-7379-4e87-a9fe-02669a1f52c2/resourceGroups/Eficode_Recru_Task",
            "location": "polandcentral",
            "managed_by": "",
            "name": "Eficode_Recru_Task",
            "tags": {},
            "timeouts": null
          },
          "sensitive_attributes": [],
          "identity_schema_version": 0,
          "private": "eyJlMmJmYjczMC1lY2FhLTExZTYtOGY4OC0zNDM2M2JjN2M0YzAiOnsiY3JlYXRlIjo1NDAwMDAwMDAwMDAwLCJkZWxldGUiOjU0MDAwMDAwMDAwMDAsInJlYWQiOjMwMDAwMDAwMDAwMCwidXBkYXRlIjo1NDAwMDAwMDAwMDAwfX0="
        }
      ]
    },
    {
      "mode": "managed",
      "type": "azurerm_subnet",
      "name": "subnet",
      "provider": "provider[\"registry.terraform.io/hashicorp/azurerm\"]",
      "instances": [
        {
          "schema_version": 0,
          "attributes": {
            "address_prefixes": [
              "10.0.1.0/24"
            ],
            "default_outbound_access_enabled": true,
            "delegation": [],
            "id": "/subscriptions/be857933-7379-4e87-a9fe-02669a1f52c2/resourceGroups/Eficode_Recru_Task/providers/Microsoft.Network/virtualNetworks/vm-network/subnets/vm-subnet",
            "name": "vm-subnet",
            "private_endpoint_network_policies": "Disabled",
            "private_link_service_network_policies_enabled": true,
            "resource_group_name": "Eficode_Recru_Task",
            "service_endpoint_policy_ids": [],
            "service_endpoints": [],
            "timeouts": null,
            "virtual_network_name": "vm-network"
          },
          "sensitive_attributes": [],
          "identity_schema_version": 0,
          "private": "eyJlMmJmYjczMC1lY2FhLTExZTYtOGY4OC0zNDM2M2JjN2M0YzAiOnsiY3JlYXRlIjoxODAwMDAwMDAwMDAwLCJkZWxldGUiOjE4MDAwMDAwMDAwMDAsInJlYWQiOjMwMDAwMDAwMDAwMCwidXBkYXRlIjoxODAwMDAwMDAwMDAwfX0=",
          "dependencies": [
            "azurerm_resource_group.rg",
            "azurerm_virtual_network.vnet"
          ]
        }
      ]
    },
    {
      "mode": "managed",
      "type": "azurerm_subnet_network_security_group_association",
      "name": "subnet_nsg",
      "provider": "provider[\"registry.terraform.io/hashicorp/azurerm\"]",
      "instances": [
        {
          "schema_version": 0,
          "attributes": {
            "id": "/subscriptions/be857933-7379-4e87-a9fe-02669a1f52c2/resourceGroups/Eficode_Recru_Task/providers/Microsoft.Network/virtualNetworks/vm-network/subnets/vm-subnet",
            "network_security_group_id": "/subscriptions/be857933-7379-4e87-a9fe-02669a1f52c2/resourceGroups/Eficode_Recru_Task/providers/Microsoft.Network/networkSecurityGroups/vm-nsg",
            "subnet_id": "/subscriptions/be857933-7379-4e87-a9fe-02669a1f52c2/resourceGroups/Eficode_Recru_Task/providers/Microsoft.Network/virtualNetworks/vm-network/subnets/vm-subnet",
            "timeouts": null
          },
          "sensitive_attributes": [],
          "identity_schema_version": 0,
          "private": "eyJlMmJmYjczMC1lY2FhLTExZTYtOGY4OC0zNDM2M2JjN2M0YzAiOnsiY3JlYXRlIjoxODAwMDAwMDAwMDAwLCJkZWxldGUiOjE4MDAwMDAwMDAwMDAsInJlYWQiOjMwMDAwMDAwMDAwMH19",
          "dependencies": [
            "azurerm_network_security_group.nsg",
            "azurerm_resource_group.rg",
            "azurerm_subnet.subnet",
            "azurerm_virtual_network.vnet"
          ]
        }
      ]
    },
    {
      "mode": "managed",
      "type": "azurerm_virtual_network",
      "name": "vnet",
      "provider": "provider[\"registry.terraform.io/hashicorp/azurerm\"]",
      "instances": [
        {
          "schema_version": 0,
          "attributes": {
            "address_space": [
              "10.0.0.0/16"
            ],
            "bgp_community": "",
            "ddos_protection_plan": [],
            "dns_servers": [],
            "edge_zone": "",
            "encryption": [],
            "flow_timeout_in_minutes": 0,
            "guid": "bf4226b3-7774-463c-bea9-bfc3e454ff23",
            "id": "/subscriptions/be857933-7379-4e87-a9fe-02669a1f52c2/resourceGroups/Eficode_Recru_Task/providers/Microsoft.Network/virtualNetworks/vm-network",
            "location": "polandcentral",
            "name": "vm-network",
            "private_endpoint_vnet_policies": "Disabled",
            "resource_group_name": "Eficode_Recru_Task",
            "subnet": [
              {
                "address_prefixes": [
                  "10.0.1.0/24"
                ],
                "default_outbound_access_enabled": true,
                "delegation": [],
                "id": "/subscriptions/be857933-7379-4e87-a9fe-02669a1f52c2/resourceGroups/Eficode_Recru_Task/providers/Microsoft.Network/virtualNetworks/vm-network/subnets/vm-subnet",
                "name": "vm-subnet",
                "private_endpoint_network_policies": "Disabled",
                "private_link_service_network_policies_enabled": true,
                "route_table_id": "",
                "security_group": "/subscriptions/be857933-7379-4e87-a9fe-02669a1f52c2/resourceGroups/Eficode_Recru_Task/providers/Microsoft.Network/networkSecurityGroups/vm-nsg",
                "service_endpoint_policy_ids": [],
                "service_endpoints": []
              }
            ],
            "tags": {},
            "timeouts": null
          },
          "sensitive_attributes": [],
          "identity_schema_version": 0,
          "private": "eyJlMmJmYjczMC1lY2FhLTExZTYtOGY4OC0zNDM2M2JjN2M0YzAiOnsiY3JlYXRlIjoxODAwMDAwMDAwMDAwLCJkZWxldGUiOjE4MDAwMDAwMDAwMDAsInJlYWQiOjMwMDAwMDAwMDAwMCwidXBkYXRlIjoxODAwMDAwMDAwMDAwfX0=",
          "dependencies": [
            "azurerm_resource_group.rg"
          ]
        }
      ]
    }
  ],
  "check_results": null
}
